<?xml version="1.0" encoding="utf-8"?>
<Project ToolsVersion="4.0" xmlns="http://schemas.microsoft.com/developer/msbuild/2003">
  <ItemGroup>
    <ClCompile Include="MySocket.cpp">
      <Filter>Source</Filter>
    </ClCompile>
    <ClCompile Include="Source.cpp">
      <Filter>Source</Filter>
    </ClCompile>
  </ItemGroup>
  <ItemGroup>
    <ClInclude Include="MySocket.h">
      <Filter>Headers</Filter>
    </ClInclude>
    <ClInclude Include="Defines.h">
      <Filter>Headers</Filter>
    </ClInclude>
    <ClInclude Include="ChunkInitHelper.hpp">
      <Filter>Helpers</Filter>
    </ClInclude>
    <ClInclude Include="Colourspaces.hpp">
      <Filter>Helpers</Filter>
    </ClInclude>
    <ClInclude Include="ConfigHelpers.hpp">
      <Filter>Helpers</Filter>
    </ClInclude>
    <ClInclude Include="Debug.hpp">
      <Filter>Helpers</Filter>
    </ClInclude>
    <ClInclude Include="VectorUtils.hpp">
      <Filter>Helpers</Filter>
    </ClInclude>
    <ClInclude Include="InitConfigVariablesHelper.hpp">
      <Filter>Helpers</Filter>
    </ClInclude>
    <ClInclude Include="ConfigVariables.h">
      <Filter>Headers</Filter>
    </ClInclude>
    <ClInclude Include="ImageSequenceHelpers.hpp">
      <Filter>RunFuncHelpers</Filter>
    </ClInclude>
    <ClInclude Include="ScreenCaptureHelpers.hpp">
      <Filter>RunFuncHelpers</Filter>
    </ClInclude>
    <ClInclude Include="AnimationScriptHelpers.hpp">
      <Filter>RunFuncHelpers</Filter>
    </ClInclude>
    <ClInclude Include="CoreLogic.hpp">
      <Filter>Source</Filter>
    </ClInclude>
    <ClInclude Include="DeltaE.hpp">
      <Filter>Helpers</Filter>
    </ClInclude>
    <ClInclude Include="RunFuncs.hpp">
      <Filter>Source</Filter>
    </ClInclude>
    <ClInclude Include="SocketInitHelpers.hpp">
      <Filter>Helpers</Filter>
    </ClInclude>
  </ItemGroup>
  <ItemGroup>
    <Filter Include="Headers">
      <UniqueIdentifier>{f721b279-98ba-4528-ab80-042c388aebcf}</UniqueIdentifier>
    </Filter>
    <Filter Include="Config">
      <UniqueIdentifier>{2da5c5ac-8e13-449d-b9a7-6e4921455efe}</UniqueIdentifier>
    </Filter>
    <Filter Include="Source">
      <UniqueIdentifier>{a518c423-1bb7-4a6c-9c9e-90f07bf7b732}</UniqueIdentifier>
    </Filter>
    <Filter Include="Helpers">
      <UniqueIdentifier>{600c75c9-8c1c-42ea-96c7-1acd243bd259}</UniqueIdentifier>
    </Filter>
    <Filter Include="SampleAnimations">
      <UniqueIdentifier>{217d634b-6902-43f9-aee4-361410138c6e}</UniqueIdentifier>
    </Filter>
    <Filter Include="RunFuncHelpers">
      <UniqueIdentifier>{7019be6c-a0a2-41d2-adda-b05d099432cd}</UniqueIdentifier>
    </Filter>
    <Filter Include="SampleAnimations\ImageSequences">
      <UniqueIdentifier>{42e52670-fb06-4793-b676-4995071ba694}</UniqueIdentifier>
    </Filter>
    <Filter Include="SampleAnimations\Scripts">
      <UniqueIdentifier>{3cfa40cb-e150-4258-8b94-b16edf561294}</UniqueIdentifier>
    </Filter>
  </ItemGroup>
  <ItemGroup>
    <None Include="config.ini">
      <Filter>Config</Filter>
    </None>
    <None Include="debug_config.ini">
      <Filter>Config</Filter>
    </None>
    <None Include="hosts.ini">
      <Filter>Config</Filter>
    </None>
    <None Include="ports.ini">
      <Filter>Config</Filter>
    </None>
    <None Include="StaticImageHelpers.hpp">
      <Filter>RunFuncHelpers</Filter>
    </None>
    <None Include="SampleAnimations\breeze.luna">
      <Filter>SampleAnimations\Scripts</Filter>
    </None>
    <None Include="SampleAnimations\rainbow.luna">
      <Filter>SampleAnimations\Scripts</Filter>
    </None>
    <None Include="SampleAnimations\storm.luna">
      <Filter>SampleAnimations\Scripts</Filter>
    </None>
  </ItemGroup>
  <ItemGroup>
    <Text Include="SampleAnimations\complimentary.txt">
      <Filter>SampleAnimations\ImageSequences</Filter>
    </Text>
    <Text Include="SampleAnimations\rainbow.txt">
      <Filter>SampleAnimations\ImageSequences</Filter>
    </Text>
    <Text Include="SampleAnimations\gradient.txt">
      <Filter>SampleAnimations\ImageSequences</Filter>
    </Text>
  </ItemGroup>
</Project>