<?xml version="1.0" encoding="utf-8"?>
<Project ToolsVersion="4.0" xmlns="http://schemas.microsoft.com/developer/msbuild/2003">
  <ItemGroup>
    <ClCompile Include="Source.cpp">
      <Filter>Source</Filter>
    </ClCompile>
    <ClCompile Include="MySocket.cpp">
      <Filter>MySocket</Filter>
    </ClCompile>
  </ItemGroup>
  <ItemGroup>
    <ClInclude Include="Colourspaces.hpp">
      <Filter>Utils</Filter>
    </ClInclude>
    <ClInclude Include="VectorUtils.hpp">
      <Filter>Utils</Filter>
    </ClInclude>
    <ClInclude Include="ConfigVariables.h">
      <Filter>DefinitionHeaders</Filter>
    </ClInclude>
    <ClInclude Include="DeltaE.hpp">
      <Filter>Utils</Filter>
    </ClInclude>
    <ClInclude Include="ConfigSanityChecker.hpp">
      <Filter>Utils</Filter>
    </ClInclude>
    <ClInclude Include="ScriptUtils.hpp">
      <Filter>Utils</Filter>
    </ClInclude>
    <ClInclude Include="GlobalDefinitions.h">
      <Filter>DefinitionHeaders</Filter>
    </ClInclude>
    <ClInclude Include="AnimationScriptLogic.hpp">
      <Filter>ModeLogic</Filter>
    </ClInclude>
    <ClInclude Include="ImageSequenceLogic.hpp">
      <Filter>ModeLogic</Filter>
    </ClInclude>
    <ClInclude Include="ScreenCaptureLogic.hpp">
      <Filter>ModeLogic</Filter>
    </ClInclude>
    <ClInclude Include="RunModes.hpp">
      <Filter>ModeLogic</Filter>
    </ClInclude>
    <ClInclude Include="MySocket.h">
      <Filter>MySocket</Filter>
    </ClInclude>
    <ClInclude Include="InitChunks.hpp">
      <Filter>InitHelpers</Filter>
    </ClInclude>
    <ClInclude Include="InitConfigVariables.hpp">
      <Filter>InitHelpers</Filter>
    </ClInclude>
    <ClInclude Include="InitSockets.hpp">
      <Filter>InitHelpers</Filter>
    </ClInclude>
    <ClInclude Include="Debug.hpp">
      <Filter>Source</Filter>
    </ClInclude>
    <ClInclude Include="BlackoutLogic.hpp">
      <Filter>ModeLogic</Filter>
    </ClInclude>
    <ClInclude Include="CoreLogic.hpp">
      <Filter>ModeLogic</Filter>
    </ClInclude>
    <ClInclude Include="ConfigUtils.hpp">
      <Filter>Utils</Filter>
    </ClInclude>
    <ClInclude Include="ServerConfigLogic.hpp">
      <Filter>ModeLogic</Filter>
    </ClInclude>
    <ClInclude Include="resource.h">
      <Filter>Resources</Filter>
    </ClInclude>
    <ClInclude Include="CommandLineUtils.hpp">
      <Filter>Utils</Filter>
    </ClInclude>
  </ItemGroup>
  <ItemGroup>
    <Filter Include="Config">
      <UniqueIdentifier>{2da5c5ac-8e13-449d-b9a7-6e4921455efe}</UniqueIdentifier>
    </Filter>
    <Filter Include="Source">
      <UniqueIdentifier>{a518c423-1bb7-4a6c-9c9e-90f07bf7b732}</UniqueIdentifier>
    </Filter>
    <Filter Include="SampleAnimations">
      <UniqueIdentifier>{217d634b-6902-43f9-aee4-361410138c6e}</UniqueIdentifier>
    </Filter>
    <Filter Include="SampleAnimations\ImageSequences">
      <UniqueIdentifier>{42e52670-fb06-4793-b676-4995071ba694}</UniqueIdentifier>
    </Filter>
    <Filter Include="SampleAnimations\Scripts">
      <UniqueIdentifier>{3cfa40cb-e150-4258-8b94-b16edf561294}</UniqueIdentifier>
    </Filter>
    <Filter Include="ModeLogic">
      <UniqueIdentifier>{7019be6c-a0a2-41d2-adda-b05d099432cd}</UniqueIdentifier>
    </Filter>
    <Filter Include="DefinitionHeaders">
      <UniqueIdentifier>{f721b279-98ba-4528-ab80-042c388aebcf}</UniqueIdentifier>
    </Filter>
    <Filter Include="MySocket">
      <UniqueIdentifier>{19a0ac7f-da63-4495-bce3-58ec22dda7a5}</UniqueIdentifier>
    </Filter>
    <Filter Include="InitHelpers">
      <UniqueIdentifier>{80045ddb-b942-4cdf-b575-33a9861b9fc4}</UniqueIdentifier>
    </Filter>
    <Filter Include="Utils">
      <UniqueIdentifier>{600c75c9-8c1c-42ea-96c7-1acd243bd259}</UniqueIdentifier>
    </Filter>
    <Filter Include="Resources">
      <UniqueIdentifier>{32454d2a-a670-46e1-bd27-5904b78c22cb}</UniqueIdentifier>
    </Filter>
  </ItemGroup>
  <ItemGroup>
    <None Include="config.ini">
      <Filter>Config</Filter>
    </None>
    <None Include="debug_config.ini">
      <Filter>Config</Filter>
    </None>
    <None Include="hosts.ini">
      <Filter>Config</Filter>
    </None>
    <None Include="ports.ini">
      <Filter>Config</Filter>
    </None>
    <None Include="SampleAnimations\sequences\complimentary.seq">
      <Filter>SampleAnimations\ImageSequences</Filter>
    </None>
    <None Include="SampleAnimations\sequences\gradient_discrete.seq">
      <Filter>SampleAnimations\ImageSequences</Filter>
    </None>
    <None Include="SampleAnimations\sequences\gradient_smooth.seq">
      <Filter>SampleAnimations\ImageSequences</Filter>
    </None>
    <None Include="SampleAnimations\sequences\rainbow.seq">
      <Filter>SampleAnimations\ImageSequences</Filter>
    </None>
    <None Include="SampleAnimations\scripts\breeze.luna">
      <Filter>SampleAnimations\Scripts</Filter>
    </None>
    <None Include="SampleAnimations\scripts\rainbow.luna">
      <Filter>SampleAnimations\Scripts</Filter>
    </None>
    <None Include="SampleAnimations\scripts\storm.luna">
      <Filter>SampleAnimations\Scripts</Filter>
    </None>
    <None Include="StaticImageLogic.hpp">
      <Filter>ModeLogic</Filter>
    </None>
    <None Include="SampleAnimations\scripts\single_colour.luna">
      <Filter>SampleAnimations\Scripts</Filter>
    </None>
  </ItemGroup>
  <ItemGroup>
    <ResourceCompile Include="Resource.rc">
      <Filter>Resources</Filter>
    </ResourceCompile>
  </ItemGroup>
  <ItemGroup>
    <Image Include="ico.ico">
      <Filter>Resources</Filter>
    </Image>
  </ItemGroup>
</Project>