<?xml version="1.0" encoding="utf-8"?>
<Project ToolsVersion="4.0" xmlns="http://schemas.microsoft.com/developer/msbuild/2003">
  <ItemGroup>
    <ClCompile Include="MySocket.cpp">
      <Filter>Source</Filter>
    </ClCompile>
    <ClCompile Include="Source.cpp">
      <Filter>Source</Filter>
    </ClCompile>
  </ItemGroup>
  <ItemGroup>
    <ClInclude Include="MySocket.h">
      <Filter>Headers</Filter>
    </ClInclude>
    <ClInclude Include="Defines.h">
      <Filter>Headers</Filter>
    </ClInclude>
    <ClInclude Include="ChunkInitHelper.hpp">
      <Filter>Helpers</Filter>
    </ClInclude>
    <ClInclude Include="Colourspaces.hpp">
      <Filter>Helpers</Filter>
    </ClInclude>
    <ClInclude Include="ConfigHelpers.hpp">
      <Filter>Helpers</Filter>
    </ClInclude>
    <ClInclude Include="Debug.hpp">
      <Filter>Helpers</Filter>
    </ClInclude>
    <ClInclude Include="DeltaE.hpp">
      <Filter>Helpers</Filter>
    </ClInclude>
    <ClInclude Include="SocketHelpers.hpp">
      <Filter>Helpers</Filter>
    </ClInclude>
    <ClInclude Include="VectorUtils.hpp">
      <Filter>Helpers</Filter>
    </ClInclude>
    <ClInclude Include="InitVariablesHelper.hpp">
      <Filter>Helpers</Filter>
    </ClInclude>
  </ItemGroup>
  <ItemGroup>
    <Filter Include="Headers">
      <UniqueIdentifier>{f721b279-98ba-4528-ab80-042c388aebcf}</UniqueIdentifier>
    </Filter>
    <Filter Include="Config">
      <UniqueIdentifier>{2da5c5ac-8e13-449d-b9a7-6e4921455efe}</UniqueIdentifier>
    </Filter>
    <Filter Include="Source">
      <UniqueIdentifier>{a518c423-1bb7-4a6c-9c9e-90f07bf7b732}</UniqueIdentifier>
    </Filter>
    <Filter Include="Helpers">
      <UniqueIdentifier>{600c75c9-8c1c-42ea-96c7-1acd243bd259}</UniqueIdentifier>
    </Filter>
  </ItemGroup>
  <ItemGroup>
    <None Include="config.ini">
      <Filter>Config</Filter>
    </None>
    <None Include="debug_config.ini">
      <Filter>Config</Filter>
    </None>
    <None Include="hosts.ini">
      <Filter>Config</Filter>
    </None>
    <None Include="ports.ini">
      <Filter>Config</Filter>
    </None>
  </ItemGroup>
</Project>